// !$*UTF8*$!
{
	archiveVersion = 1;
	classes = {
	};
	objectVersion = 46;
	objects = {

/* Begin PBXBuildFile section */
		5720B77D16382E2800018504 /* TakeElevatorTableViewController.m in Sources */ = {isa = PBXBuildFile; fileRef = 5720B77C16382E2800018504 /* TakeElevatorTableViewController.m */; };
		57C9DF89163D2A750084B571 /* Elevator.m in Sources */ = {isa = PBXBuildFile; fileRef = 57C9DF88163D2A750084B571 /* Elevator.m */; };
		57E26F1316380C3B00ADC615 /* UIKit.framework in Frameworks */ = {isa = PBXBuildFile; fileRef = 57E26F1216380C3B00ADC615 /* UIKit.framework */; };
		57E26F1516380C3B00ADC615 /* Foundation.framework in Frameworks */ = {isa = PBXBuildFile; fileRef = 57E26F1416380C3B00ADC615 /* Foundation.framework */; };
		57E26F1716380C3B00ADC615 /* CoreGraphics.framework in Frameworks */ = {isa = PBXBuildFile; fileRef = 57E26F1616380C3B00ADC615 /* CoreGraphics.framework */; };
		57E26F1D16380C3B00ADC615 /* InfoPlist.strings in Resources */ = {isa = PBXBuildFile; fileRef = 57E26F1B16380C3B00ADC615 /* InfoPlist.strings */; };
		57E26F1F16380C3B00ADC615 /* main.m in Sources */ = {isa = PBXBuildFile; fileRef = 57E26F1E16380C3B00ADC615 /* main.m */; };
		57E26F2316380C3B00ADC615 /* ElevatorAppDelegate.m in Sources */ = {isa = PBXBuildFile; fileRef = 57E26F2216380C3B00ADC615 /* ElevatorAppDelegate.m */; };
		57E26F2616380C3B00ADC615 /* MainStoryboard.storyboard in Resources */ = {isa = PBXBuildFile; fileRef = 57E26F2416380C3B00ADC615 /* MainStoryboard.storyboard */; };
		57E26F2916380C3B00ADC615 /* ElevatorViewController.m in Sources */ = {isa = PBXBuildFile; fileRef = 57E26F2816380C3B00ADC615 /* ElevatorViewController.m */; };
/* End PBXBuildFile section */

/* Begin PBXFileReference section */
		5720B77B16382E2800018504 /* TakeElevatorTableViewController.h */ = {isa = PBXFileReference; fileEncoding = 4; lastKnownFileType = sourcecode.c.h; path = TakeElevatorTableViewController.h; sourceTree = "<group>"; };
		5720B77C16382E2800018504 /* TakeElevatorTableViewController.m */ = {isa = PBXFileReference; fileEncoding = 4; lastKnownFileType = sourcecode.c.objc; path = TakeElevatorTableViewController.m; sourceTree = "<group>"; };
		57958F9316415B7C00D360C7 /* FromMasterToDetail.h */ = {isa = PBXFileReference; fileEncoding = 4; lastKnownFileType = sourcecode.c.h; path = FromMasterToDetail.h; sourceTree = "<group>"; };
		57C9DF87163D2A750084B571 /* Elevator.h */ = {isa = PBXFileReference; fileEncoding = 4; lastKnownFileType = sourcecode.c.h; path = Elevator.h; sourceTree = "<group>"; };
		57C9DF88163D2A750084B571 /* Elevator.m */ = {isa = PBXFileReference; fileEncoding = 4; lastKnownFileType = sourcecode.c.objc; path = Elevator.m; sourceTree = "<group>"; };
		57E26F0E16380C3B00ADC615 /* Elevator2.app */ = {isa = PBXFileReference; explicitFileType = wrapper.application; includeInIndex = 0; path = Elevator2.app; sourceTree = BUILT_PRODUCTS_DIR; };
		57E26F1216380C3B00ADC615 /* UIKit.framework */ = {isa = PBXFileReference; lastKnownFileType = wrapper.framework; name = UIKit.framework; path = System/Library/Frameworks/UIKit.framework; sourceTree = SDKROOT; };
		57E26F1416380C3B00ADC615 /* Foundation.framework */ = {isa = PBXFileReference; lastKnownFileType = wrapper.framework; name = Foundation.framework; path = System/Library/Frameworks/Foundation.framework; sourceTree = SDKROOT; };
		57E26F1616380C3B00ADC615 /* CoreGraphics.framework */ = {isa = PBXFileReference; lastKnownFileType = wrapper.framework; name = CoreGraphics.framework; path = System/Library/Frameworks/CoreGraphics.framework; sourceTree = SDKROOT; };
		57E26F1A16380C3B00ADC615 /* Elevator2-Info.plist */ = {isa = PBXFileReference; lastKnownFileType = text.plist.xml; path = "Elevator2-Info.plist"; sourceTree = "<group>"; };
		57E26F1C16380C3B00ADC615 /* en */ = {isa = PBXFileReference; lastKnownFileType = text.plist.strings; name = en; path = en.lproj/InfoPlist.strings; sourceTree = "<group>"; };
		57E26F1E16380C3B00ADC615 /* main.m */ = {isa = PBXFileReference; lastKnownFileType = sourcecode.c.objc; path = main.m; sourceTree = "<group>"; };
		57E26F2016380C3B00ADC615 /* Elevator2-Prefix.pch */ = {isa = PBXFileReference; lastKnownFileType = sourcecode.c.h; path = "Elevator2-Prefix.pch"; sourceTree = "<group>"; };
		57E26F2116380C3B00ADC615 /* ElevatorAppDelegate.h */ = {isa = PBXFileReference; lastKnownFileType = sourcecode.c.h; path = ElevatorAppDelegate.h; sourceTree = "<group>"; };
		57E26F2216380C3B00ADC615 /* ElevatorAppDelegate.m */ = {isa = PBXFileReference; lastKnownFileType = sourcecode.c.objc; path = ElevatorAppDelegate.m; sourceTree = "<group>"; };
		57E26F2516380C3B00ADC615 /* en */ = {isa = PBXFileReference; lastKnownFileType = file.storyboard; name = en; path = en.lproj/MainStoryboard.storyboard; sourceTree = "<group>"; };
		57E26F2716380C3B00ADC615 /* ElevatorViewController.h */ = {isa = PBXFileReference; lastKnownFileType = sourcecode.c.h; path = ElevatorViewController.h; sourceTree = "<group>"; };
		57E26F2816380C3B00ADC615 /* ElevatorViewController.m */ = {isa = PBXFileReference; lastKnownFileType = sourcecode.c.objc; path = ElevatorViewController.m; sourceTree = "<group>"; };
/* End PBXFileReference section */

/* Begin PBXFrameworksBuildPhase section */
		57E26F0B16380C3B00ADC615 /* Frameworks */ = {
			isa = PBXFrameworksBuildPhase;
			buildActionMask = 2147483647;
			files = (
				57E26F1316380C3B00ADC615 /* UIKit.framework in Frameworks */,
				57E26F1516380C3B00ADC615 /* Foundation.framework in Frameworks */,
				57E26F1716380C3B00ADC615 /* CoreGraphics.framework in Frameworks */,
			);
			runOnlyForDeploymentPostprocessing = 0;
		};
/* End PBXFrameworksBuildPhase section */

/* Begin PBXGroup section */
		57E26F0316380C3B00ADC615 = {
			isa = PBXGroup;
			children = (
				57E26F1816380C3B00ADC615 /* Elevator2 */,
				57E26F1116380C3B00ADC615 /* Frameworks */,
				57E26F0F16380C3B00ADC615 /* Products */,
			);
			sourceTree = "<group>";
		};
		57E26F0F16380C3B00ADC615 /* Products */ = {
			isa = PBXGroup;
			children = (
				57E26F0E16380C3B00ADC615 /* Elevator2.app */,
			);
			name = Products;
			sourceTree = "<group>";
		};
		57E26F1116380C3B00ADC615 /* Frameworks */ = {
			isa = PBXGroup;
			children = (
				57E26F1216380C3B00ADC615 /* UIKit.framework */,
				57E26F1416380C3B00ADC615 /* Foundation.framework */,
				57E26F1616380C3B00ADC615 /* CoreGraphics.framework */,
			);
			name = Frameworks;
			sourceTree = "<group>";
		};
		57E26F1816380C3B00ADC615 /* Elevator2 */ = {
			isa = PBXGroup;
			children = (
				57E26F2416380C3B00ADC615 /* MainStoryboard.storyboard */,
				57C9DF87163D2A750084B571 /* Elevator.h */,
				57C9DF88163D2A750084B571 /* Elevator.m */,
				57958F9316415B7C00D360C7 /* FromMasterToDetail.h */,
				5720B77B16382E2800018504 /* TakeElevatorTableViewController.h */,
				5720B77C16382E2800018504 /* TakeElevatorTableViewController.m */,
				57E26F2716380C3B00ADC615 /* ElevatorViewController.h */,
				57E26F2816380C3B00ADC615 /* ElevatorViewController.m */,
				57E26F1916380C3B00ADC615 /* Supporting Files */,
			);
			path = Elevator2;
			sourceTree = "<group>";
		};
		57E26F1916380C3B00ADC615 /* Supporting Files */ = {
			isa = PBXGroup;
			children = (
				57E26F2116380C3B00ADC615 /* ElevatorAppDelegate.h */,
				57E26F2216380C3B00ADC615 /* ElevatorAppDelegate.m */,
				57E26F1A16380C3B00ADC615 /* Elevator2-Info.plist */,
				57E26F1B16380C3B00ADC615 /* InfoPlist.strings */,
				57E26F1E16380C3B00ADC615 /* main.m */,
				57E26F2016380C3B00ADC615 /* Elevator2-Prefix.pch */,
			);
			name = "Supporting Files";
			sourceTree = "<group>";
		};
/* End PBXGroup section */

/* Begin PBXNativeTarget section */
		57E26F0D16380C3B00ADC615 /* Elevator2 */ = {
			isa = PBXNativeTarget;
			buildConfigurationList = 57E26F2C16380C3B00ADC615 /* Build configuration list for PBXNativeTarget "Elevator2" */;
			buildPhases = (
				57E26F0A16380C3B00ADC615 /* Sources */,
				57E26F0B16380C3B00ADC615 /* Frameworks */,
				57E26F0C16380C3B00ADC615 /* Resources */,
			);
			buildRules = (
			);
			dependencies = (
			);
			name = Elevator2;
			productName = Elevator2;
			productReference = 57E26F0E16380C3B00ADC615 /* Elevator2.app */;
			productType = "com.apple.product-type.application";
		};
/* End PBXNativeTarget section */

/* Begin PBXProject section */
		57E26F0516380C3B00ADC615 /* Project object */ = {
			isa = PBXProject;
			attributes = {
				CLASSPREFIX = Elevator;
				LastUpgradeCheck = 0440;
				ORGANIZATIONNAME = lisiqi;
			};
			buildConfigurationList = 57E26F0816380C3B00ADC615 /* Build configuration list for PBXProject "Elevator2" */;
			compatibilityVersion = "Xcode 3.2";
			developmentRegion = English;
			hasScannedForEncodings = 0;
			knownRegions = (
				en,
			);
			mainGroup = 57E26F0316380C3B00ADC615;
			productRefGroup = 57E26F0F16380C3B00ADC615 /* Products */;
			projectDirPath = "";
			projectRoot = "";
			targets = (
				57E26F0D16380C3B00ADC615 /* Elevator2 */,
			);
		};
/* End PBXProject section */

/* Begin PBXResourcesBuildPhase section */
		57E26F0C16380C3B00ADC615 /* Resources */ = {
			isa = PBXResourcesBuildPhase;
			buildActionMask = 2147483647;
			files = (
				57E26F1D16380C3B00ADC615 /* InfoPlist.strings in Resources */,
				57E26F2616380C3B00ADC615 /* MainStoryboard.storyboard in Resources */,
			);
			runOnlyForDeploymentPostprocessing = 0;
		};
/* End PBXResourcesBuildPhase section */

/* Begin PBXSourcesBuildPhase section */
		57E26F0A16380C3B00ADC615 /* Sources */ = {
			isa = PBXSourcesBuildPhase;
			buildActionMask = 2147483647;
			files = (
				57E26F1F16380C3B00ADC615 /* main.m in Sources */,
				57E26F2316380C3B00ADC615 /* ElevatorAppDelegate.m in Sources */,
				57E26F2916380C3B00ADC615 /* ElevatorViewController.m in Sources */,
				5720B77D16382E2800018504 /* TakeElevatorTableViewController.m in Sources */,
				57C9DF89163D2A750084B571 /* Elevator.m in Sources */,
			);
			runOnlyForDeploymentPostprocessing = 0;
		};
/* End PBXSourcesBuildPhase section */

/* Begin PBXVariantGroup section */
		57E26F1B16380C3B00ADC615 /* InfoPlist.strings */ = {
			isa = PBXVariantGroup;
			children = (
				57E26F1C16380C3B00ADC615 /* en */,
			);
			name = InfoPlist.strings;
			sourceTree = "<group>";
		};
		57E26F2416380C3B00ADC615 /* MainStoryboard.storyboard */ = {
			isa = PBXVariantGroup;
			children = (
				57E26F2516380C3B00ADC615 /* en */,
			);
			name = MainStoryboard.storyboard;
			sourceTree = "<group>";
		};
/* End PBXVariantGroup section */

/* Begin XCBuildConfiguration section */
		57E26F2A16380C3B00ADC615 /* Debug */ = {
			isa = XCBuildConfiguration;
			buildSettings = {
				ALWAYS_SEARCH_USER_PATHS = NO;
				ARCHS = "$(ARCHS_STANDARD_32_BIT)";
				CLANG_CXX_LANGUAGE_STANDARD = "gnu++0x";
				CLANG_ENABLE_OBJC_ARC = YES;
				CLANG_WARN__DUPLICATE_METHOD_MATCH = YES;
				"CODE_SIGN_IDENTITY[sdk=iphoneos*]" = "iPhone Developer";
				COPY_PHASE_STRIP = NO;
				GCC_C_LANGUAGE_STANDARD = gnu99;
				GCC_DYNAMIC_NO_PIC = NO;
				GCC_OPTIMIZATION_LEVEL = 0;
				GCC_PREPROCESSOR_DEFINITIONS = (
					"DEBUG=1",
					"$(inherited)",
				);
				GCC_SYMBOLS_PRIVATE_EXTERN = NO;
				GCC_VERSION = com.apple.compilers.llvm.clang.1_0;
				GCC_WARN_ABOUT_RETURN_TYPE = YES;
				GCC_WARN_UNINITIALIZED_AUTOS = YES;
				GCC_WARN_UNUSED_VARIABLE = YES;
				IPHONEOS_DEPLOYMENT_TARGET = 5.1;
				SDKROOT = iphoneos;
				TARGETED_DEVICE_FAMILY = 2;
			};
			name = Debug;
		};
		57E26F2B16380C3B00ADC615 /* Release */ = {
			isa = XCBuildConfiguration;
			buildSettings = {
				ALWAYS_SEARCH_USER_PATHS = NO;
				ARCHS = "$(ARCHS_STANDARD_32_BIT)";
				CLANG_CXX_LANGUAGE_STANDARD = "gnu++0x";
				CLANG_ENABLE_OBJC_ARC = YES;
				CLANG_WARN__DUPLICATE_METHOD_MATCH = YES;
				"CODE_SIGN_IDENTITY[sdk=iphoneos*]" = "iPhone Developer";
				COPY_PHASE_STRIP = YES;
				GCC_C_LANGUAGE_STANDARD = gnu99;
				GCC_VERSION = com.apple.compilers.llvm.clang.1_0;
				GCC_WARN_ABOUT_RETURN_TYPE = YES;
				GCC_WARN_UNINITIALIZED_AUTOS = YES;
				GCC_WARN_UNUSED_VARIABLE = YES;
				IPHONEOS_DEPLOYMENT_TARGET = 5.1;
				OTHER_CFLAGS = "-DNS_BLOCK_ASSERTIONS=1";
				SDKROOT = iphoneos;
				TARGETED_DEVICE_FAMILY = 2;
				VALIDATE_PRODUCT = YES;
			};
			name = Release;
		};
		57E26F2D16380C3B00ADC615 /* Debug */ = {
			isa = XCBuildConfiguration;
			buildSettings = {
				GCC_PRECOMPILE_PREFIX_HEADER = YES;
				GCC_PREFIX_HEADER = "Elevator2/Elevator2-Prefix.pch";
				INFOPLIST_FILE = "Elevator2/Elevator2-Info.plist";
				PRODUCT_NAME = "$(TARGET_NAME)";
				WRAPPER_EXTENSION = app;
			};
			name = Debug;
		};
		57E26F2E16380C3B00ADC615 /* Release */ = {
			isa = XCBuildConfiguration;
			buildSettings = {
				GCC_PRECOMPILE_PREFIX_HEADER = YES;
				GCC_PREFIX_HEADER = "Elevator2/Elevator2-Prefix.pch";
				INFOPLIST_FILE = "Elevator2/Elevator2-Info.plist";
				PRODUCT_NAME = "$(TARGET_NAME)";
				WRAPPER_EXTENSION = app;
			};
			name = Release;
		};
/* End XCBuildConfiguration section */

/* Begin XCConfigurationList section */
		57E26F0816380C3B00ADC615 /* Build configuration list for PBXProject "Elevator2" */ = {
			isa = XCConfigurationList;
			buildConfigurations = (
				57E26F2A16380C3B00ADC615 /* Debug */,
				57E26F2B16380C3B00ADC615 /* Release */,
			);
			defaultConfigurationIsVisible = 0;
			defaultConfigurationName = Release;
		};
		57E26F2C16380C3B00ADC615 /* Build configuration list for PBXNativeTarget "Elevator2" */ = {
			isa = XCConfigurationList;
			buildConfigurations = (
				57E26F2D16380C3B00ADC615 /* Debug */,
				57E26F2E16380C3B00ADC615 /* Release */,
			);
			defaultConfigurationIsVisible = 0;
			defaultConfigurationName = Release;
		};
/* End XCConfigurationList section */
	};
	rootObject = 57E26F0516380C3B00ADC615 /* Project object */;
}
